// !$*UTF8*$!
{
	archiveVersion = 1;
	classes = {
	};
	objectVersion = 56;
	objects = {

/* Begin PBXBuildFile section */
		58110D4C2A065A3A00CC5D7D /* LogInViewController.swift in Sources */ = {isa = PBXBuildFile; fileRef = 58110D4B2A065A3A00CC5D7D /* LogInViewController.swift */; };
		58110D4E2A07BD1200CC5D7D /* MyTextFieldView.swift in Sources */ = {isa = PBXBuildFile; fileRef = 58110D4D2A07BD1200CC5D7D /* MyTextFieldView.swift */; };
		58A4099229E72B7600042744 /* AppDelegate.swift in Sources */ = {isa = PBXBuildFile; fileRef = 58A4099129E72B7600042744 /* AppDelegate.swift */; };
		58A4099429E72B7600042744 /* SceneDelegate.swift in Sources */ = {isa = PBXBuildFile; fileRef = 58A4099329E72B7600042744 /* SceneDelegate.swift */; };
		58A4099629E72B7600042744 /* ViewController.swift in Sources */ = {isa = PBXBuildFile; fileRef = 58A4099529E72B7600042744 /* ViewController.swift */; };
		58A4099B29E72B7700042744 /* Assets.xcassets in Resources */ = {isa = PBXBuildFile; fileRef = 58A4099A29E72B7700042744 /* Assets.xcassets */; };
		58A4099E29E72B7700042744 /* LaunchScreen.storyboard in Resources */ = {isa = PBXBuildFile; fileRef = 58A4099C29E72B7700042744 /* LaunchScreen.storyboard */; };
		58A409A629E733AC00042744 /* FeedViewController.swift in Sources */ = {isa = PBXBuildFile; fileRef = 58A409A529E733AC00042744 /* FeedViewController.swift */; };
		58A409AA29E7390300042744 /* PostViewController.swift in Sources */ = {isa = PBXBuildFile; fileRef = 58A409A929E7390300042744 /* PostViewController.swift */; };
		58A409AC29E73F0F00042744 /* Post.swift in Sources */ = {isa = PBXBuildFile; fileRef = 58A409AB29E73F0F00042744 /* Post.swift */; };
		58DFABA829EA995D00AD5BE9 /* InfoViewController.swift in Sources */ = {isa = PBXBuildFile; fileRef = 58DFABA729EA995D00AD5BE9 /* InfoViewController.swift */; };
		58DFABAB29EAA35A00AD5BE9 /* ProfileHeaderView.swift in Sources */ = {isa = PBXBuildFile; fileRef = 58DFABAA29EAA35A00AD5BE9 /* ProfileHeaderView.swift */; };
		58DFABAD29EAA39200AD5BE9 /* ProfileViewController.swift in Sources */ = {isa = PBXBuildFile; fileRef = 58DFABAC29EAA39200AD5BE9 /* ProfileViewController.swift */; };
/* End PBXBuildFile section */

/* Begin PBXFileReference section */
		58110D4B2A065A3A00CC5D7D /* LogInViewController.swift */ = {isa = PBXFileReference; lastKnownFileType = sourcecode.swift; path = LogInViewController.swift; sourceTree = "<group>"; };
		58110D4D2A07BD1200CC5D7D /* MyTextFieldView.swift */ = {isa = PBXFileReference; lastKnownFileType = sourcecode.swift; path = MyTextFieldView.swift; sourceTree = "<group>"; };
		58A4098E29E72B7600042744 /* Navigation.app */ = {isa = PBXFileReference; explicitFileType = wrapper.application; includeInIndex = 0; path = Navigation.app; sourceTree = BUILT_PRODUCTS_DIR; };
		58A4099129E72B7600042744 /* AppDelegate.swift */ = {isa = PBXFileReference; lastKnownFileType = sourcecode.swift; path = AppDelegate.swift; sourceTree = "<group>"; };
		58A4099329E72B7600042744 /* SceneDelegate.swift */ = {isa = PBXFileReference; lastKnownFileType = sourcecode.swift; path = SceneDelegate.swift; sourceTree = "<group>"; };
		58A4099529E72B7600042744 /* ViewController.swift */ = {isa = PBXFileReference; lastKnownFileType = sourcecode.swift; path = ViewController.swift; sourceTree = "<group>"; };
		58A4099A29E72B7700042744 /* Assets.xcassets */ = {isa = PBXFileReference; lastKnownFileType = folder.assetcatalog; path = Assets.xcassets; sourceTree = "<group>"; };
		58A4099D29E72B7700042744 /* Base */ = {isa = PBXFileReference; lastKnownFileType = file.storyboard; name = Base; path = Base.lproj/LaunchScreen.storyboard; sourceTree = "<group>"; };
		58A4099F29E72B7700042744 /* Info.plist */ = {isa = PBXFileReference; lastKnownFileType = text.plist.xml; path = Info.plist; sourceTree = "<group>"; };
		58A409A529E733AC00042744 /* FeedViewController.swift */ = {isa = PBXFileReference; lastKnownFileType = sourcecode.swift; path = FeedViewController.swift; sourceTree = "<group>"; };
		58A409A929E7390300042744 /* PostViewController.swift */ = {isa = PBXFileReference; lastKnownFileType = sourcecode.swift; path = PostViewController.swift; sourceTree = "<group>"; };
		58A409AB29E73F0F00042744 /* Post.swift */ = {isa = PBXFileReference; lastKnownFileType = sourcecode.swift; path = Post.swift; sourceTree = "<group>"; };
		58DFABA729EA995D00AD5BE9 /* InfoViewController.swift */ = {isa = PBXFileReference; lastKnownFileType = sourcecode.swift; path = InfoViewController.swift; sourceTree = "<group>"; };
		58DFABAA29EAA35A00AD5BE9 /* ProfileHeaderView.swift */ = {isa = PBXFileReference; lastKnownFileType = sourcecode.swift; path = ProfileHeaderView.swift; sourceTree = "<group>"; };
		58DFABAC29EAA39200AD5BE9 /* ProfileViewController.swift */ = {isa = PBXFileReference; lastKnownFileType = sourcecode.swift; path = ProfileViewController.swift; sourceTree = "<group>"; };
/* End PBXFileReference section */

/* Begin PBXFrameworksBuildPhase section */
		58A4098B29E72B7600042744 /* Frameworks */ = {
			isa = PBXFrameworksBuildPhase;
			buildActionMask = 2147483647;
			files = (
			);
			runOnlyForDeploymentPostprocessing = 0;
		};
/* End PBXFrameworksBuildPhase section */

/* Begin PBXGroup section */
		58A4098529E72B7600042744 = {
			isa = PBXGroup;
			children = (
				58A4099029E72B7600042744 /* Navigation */,
				58A4098F29E72B7600042744 /* Products */,
			);
			sourceTree = "<group>";
		};
		58A4098F29E72B7600042744 /* Products */ = {
			isa = PBXGroup;
			children = (
				58A4098E29E72B7600042744 /* Navigation.app */,
			);
			name = Products;
			sourceTree = "<group>";
		};
		58A4099029E72B7600042744 /* Navigation */ = {
			isa = PBXGroup;
			children = (
				58DFABA929EAA32800AD5BE9 /* Profile */,
				58A4099129E72B7600042744 /* AppDelegate.swift */,
				58A4099329E72B7600042744 /* SceneDelegate.swift */,
				58A4099529E72B7600042744 /* ViewController.swift */,
				58A4099A29E72B7700042744 /* Assets.xcassets */,
				58A4099C29E72B7700042744 /* LaunchScreen.storyboard */,
				58A4099F29E72B7700042744 /* Info.plist */,
				58A409A529E733AC00042744 /* FeedViewController.swift */,
				58A409A929E7390300042744 /* PostViewController.swift */,
				58A409AB29E73F0F00042744 /* Post.swift */,
				58DFABA729EA995D00AD5BE9 /* InfoViewController.swift */,
			);
			path = Navigation;
			sourceTree = "<group>";
		};
		58DFABA929EAA32800AD5BE9 /* Profile */ = {
			isa = PBXGroup;
			children = (
				58DFABAA29EAA35A00AD5BE9 /* ProfileHeaderView.swift */,
				58DFABAC29EAA39200AD5BE9 /* ProfileViewController.swift */,
				58110D4B2A065A3A00CC5D7D /* LogInViewController.swift */,
				58110D4D2A07BD1200CC5D7D /* MyTextFieldView.swift */,
			);
			path = Profile;
			sourceTree = "<group>";
		};
/* End PBXGroup section */

/* Begin PBXNativeTarget section */
		58A4098D29E72B7600042744 /* Navigation */ = {
			isa = PBXNativeTarget;
			buildConfigurationList = 58A409A229E72B7700042744 /* Build configuration list for PBXNativeTarget "Navigation" */;
			buildPhases = (
				58A4098A29E72B7600042744 /* Sources */,
				58A4098B29E72B7600042744 /* Frameworks */,
				58A4098C29E72B7600042744 /* Resources */,
			);
			buildRules = (
			);
			dependencies = (
			);
			name = Navigation;
			productName = Navigation;
			productReference = 58A4098E29E72B7600042744 /* Navigation.app */;
			productType = "com.apple.product-type.application";
		};
/* End PBXNativeTarget section */

/* Begin PBXProject section */
		58A4098629E72B7600042744 /* Project object */ = {
			isa = PBXProject;
			attributes = {
				BuildIndependentTargetsInParallel = 1;
				LastSwiftUpdateCheck = 1420;
				LastUpgradeCheck = 1420;
				TargetAttributes = {
					58A4098D29E72B7600042744 = {
						CreatedOnToolsVersion = 14.2;
					};
				};
			};
			buildConfigurationList = 58A4098929E72B7600042744 /* Build configuration list for PBXProject "Navigation" */;
			compatibilityVersion = "Xcode 14.0";
			developmentRegion = en;
			hasScannedForEncodings = 0;
			knownRegions = (
				en,
				Base,
			);
			mainGroup = 58A4098529E72B7600042744;
			productRefGroup = 58A4098F29E72B7600042744 /* Products */;
			projectDirPath = "";
			projectRoot = "";
			targets = (
				58A4098D29E72B7600042744 /* Navigation */,
			);
		};
/* End PBXProject section */

/* Begin PBXResourcesBuildPhase section */
		58A4098C29E72B7600042744 /* Resources */ = {
			isa = PBXResourcesBuildPhase;
			buildActionMask = 2147483647;
			files = (
				58A4099E29E72B7700042744 /* LaunchScreen.storyboard in Resources */,
				58A4099B29E72B7700042744 /* Assets.xcassets in Resources */,
			);
			runOnlyForDeploymentPostprocessing = 0;
		};
/* End PBXResourcesBuildPhase section */

/* Begin PBXSourcesBuildPhase section */
		58A4098A29E72B7600042744 /* Sources */ = {
			isa = PBXSourcesBuildPhase;
			buildActionMask = 2147483647;
			files = (
				58A409AA29E7390300042744 /* PostViewController.swift in Sources */,
				58A4099629E72B7600042744 /* ViewController.swift in Sources */,
				58DFABAD29EAA39200AD5BE9 /* ProfileViewController.swift in Sources */,
				58A4099229E72B7600042744 /* AppDelegate.swift in Sources */,
				58DFABAB29EAA35A00AD5BE9 /* ProfileHeaderView.swift in Sources */,
				58A409A629E733AC00042744 /* FeedViewController.swift in Sources */,
				58A409AC29E73F0F00042744 /* Post.swift in Sources */,
				58DFABA829EA995D00AD5BE9 /* InfoViewController.swift in Sources */,
				58110D4C2A065A3A00CC5D7D /* LogInViewController.swift in Sources */,
				58110D4E2A07BD1200CC5D7D /* MyTextFieldView.swift in Sources */,
				58A4099429E72B7600042744 /* SceneDelegate.swift in Sources */,
			);
			runOnlyForDeploymentPostprocessing = 0;
		};
/* End PBXSourcesBuildPhase section */

/* Begin PBXVariantGroup section */
		58A4099C29E72B7700042744 /* LaunchScreen.storyboard */ = {
			isa = PBXVariantGroup;
			children = (
				58A4099D29E72B7700042744 /* Base */,
			);
			name = LaunchScreen.storyboard;
			sourceTree = "<group>";
		};
/* End PBXVariantGroup section */

/* Begin XCBuildConfiguration section */
		58A409A029E72B7700042744 /* Debug */ = {
			isa = XCBuildConfiguration;
			buildSettings = {
				ALWAYS_SEARCH_USER_PATHS = NO;
				CLANG_ANALYZER_NONNULL = YES;
				CLANG_ANALYZER_NUMBER_OBJECT_CONVERSION = YES_AGGRESSIVE;
				CLANG_CXX_LANGUAGE_STANDARD = "gnu++20";
				CLANG_ENABLE_MODULES = YES;
				CLANG_ENABLE_OBJC_ARC = YES;
				CLANG_ENABLE_OBJC_WEAK = YES;
				CLANG_WARN_BLOCK_CAPTURE_AUTORELEASING = YES;
				CLANG_WARN_BOOL_CONVERSION = YES;
				CLANG_WARN_COMMA = YES;
				CLANG_WARN_CONSTANT_CONVERSION = YES;
				CLANG_WARN_DEPRECATED_OBJC_IMPLEMENTATIONS = YES;
				CLANG_WARN_DIRECT_OBJC_ISA_USAGE = YES_ERROR;
				CLANG_WARN_DOCUMENTATION_COMMENTS = YES;
				CLANG_WARN_EMPTY_BODY = YES;
				CLANG_WARN_ENUM_CONVERSION = YES;
				CLANG_WARN_INFINITE_RECURSION = YES;
				CLANG_WARN_INT_CONVERSION = YES;
				CLANG_WARN_NON_LITERAL_NULL_CONVERSION = YES;
				CLANG_WARN_OBJC_IMPLICIT_RETAIN_SELF = YES;
				CLANG_WARN_OBJC_LITERAL_CONVERSION = YES;
				CLANG_WARN_OBJC_ROOT_CLASS = YES_ERROR;
				CLANG_WARN_QUOTED_INCLUDE_IN_FRAMEWORK_HEADER = YES;
				CLANG_WARN_RANGE_LOOP_ANALYSIS = YES;
				CLANG_WARN_STRICT_PROTOTYPES = YES;
				CLANG_WARN_SUSPICIOUS_MOVE = YES;
				CLANG_WARN_UNGUARDED_AVAILABILITY = YES_AGGRESSIVE;
				CLANG_WARN_UNREACHABLE_CODE = YES;
				CLANG_WARN__DUPLICATE_METHOD_MATCH = YES;
				COPY_PHASE_STRIP = NO;
				DEBUG_INFORMATION_FORMAT = dwarf;
				ENABLE_STRICT_OBJC_MSGSEND = YES;
				ENABLE_TESTABILITY = YES;
				GCC_C_LANGUAGE_STANDARD = gnu11;
				GCC_DYNAMIC_NO_PIC = NO;
				GCC_NO_COMMON_BLOCKS = YES;
				GCC_OPTIMIZATION_LEVEL = 0;
				GCC_PREPROCESSOR_DEFINITIONS = (
					"DEBUG=1",
					"$(inherited)",
				);
				GCC_WARN_64_TO_32_BIT_CONVERSION = YES;
				GCC_WARN_ABOUT_RETURN_TYPE = YES_ERROR;
				GCC_WARN_UNDECLARED_SELECTOR = YES;
				GCC_WARN_UNINITIALIZED_AUTOS = YES_AGGRESSIVE;
				GCC_WARN_UNUSED_FUNCTION = YES;
				GCC_WARN_UNUSED_VARIABLE = YES;
				IPHONEOS_DEPLOYMENT_TARGET = 16.2;
				MTL_ENABLE_DEBUG_INFO = INCLUDE_SOURCE;
				MTL_FAST_MATH = YES;
				ONLY_ACTIVE_ARCH = YES;
				SDKROOT = iphoneos;
				SWIFT_ACTIVE_COMPILATION_CONDITIONS = DEBUG;
				SWIFT_OPTIMIZATION_LEVEL = "-Onone";
			};
			name = Debug;
		};
		58A409A129E72B7700042744 /* Release */ = {
			isa = XCBuildConfiguration;
			buildSettings = {
				ALWAYS_SEARCH_USER_PATHS = NO;
				CLANG_ANALYZER_NONNULL = YES;
				CLANG_ANALYZER_NUMBER_OBJECT_CONVERSION = YES_AGGRESSIVE;
				CLANG_CXX_LANGUAGE_STANDARD = "gnu++20";
				CLANG_ENABLE_MODULES = YES;
				CLANG_ENABLE_OBJC_ARC = YES;
				CLANG_ENABLE_OBJC_WEAK = YES;
				CLANG_WARN_BLOCK_CAPTURE_AUTORELEASING = YES;
				CLANG_WARN_BOOL_CONVERSION = YES;
				CLANG_WARN_COMMA = YES;
				CLANG_WARN_CONSTANT_CONVERSION = YES;
				CLANG_WARN_DEPRECATED_OBJC_IMPLEMENTATIONS = YES;
				CLANG_WARN_DIRECT_OBJC_ISA_USAGE = YES_ERROR;
				CLANG_WARN_DOCUMENTATION_COMMENTS = YES;
				CLANG_WARN_EMPTY_BODY = YES;
				CLANG_WARN_ENUM_CONVERSION = YES;
				CLANG_WARN_INFINITE_RECURSION = YES;
				CLANG_WARN_INT_CONVERSION = YES;
				CLANG_WARN_NON_LITERAL_NULL_CONVERSION = YES;
				CLANG_WARN_OBJC_IMPLICIT_RETAIN_SELF = YES;
				CLANG_WARN_OBJC_LITERAL_CONVERSION = YES;
				CLANG_WARN_OBJC_ROOT_CLASS = YES_ERROR;
				CLANG_WARN_QUOTED_INCLUDE_IN_FRAMEWORK_HEADER = YES;
				CLANG_WARN_RANGE_LOOP_ANALYSIS = YES;
				CLANG_WARN_STRICT_PROTOTYPES = YES;
				CLANG_WARN_SUSPICIOUS_MOVE = YES;
				CLANG_WARN_UNGUARDED_AVAILABILITY = YES_AGGRESSIVE;
				CLANG_WARN_UNREACHABLE_CODE = YES;
				CLANG_WARN__DUPLICATE_METHOD_MATCH = YES;
				COPY_PHASE_STRIP = NO;
				DEBUG_INFORMATION_FORMAT = "dwarf-with-dsym";
				ENABLE_NS_ASSERTIONS = NO;
				ENABLE_STRICT_OBJC_MSGSEND = YES;
				GCC_C_LANGUAGE_STANDARD = gnu11;
				GCC_NO_COMMON_BLOCKS = YES;
				GCC_WARN_64_TO_32_BIT_CONVERSION = YES;
				GCC_WARN_ABOUT_RETURN_TYPE = YES_ERROR;
				GCC_WARN_UNDECLARED_SELECTOR = YES;
				GCC_WARN_UNINITIALIZED_AUTOS = YES_AGGRESSIVE;
				GCC_WARN_UNUSED_FUNCTION = YES;
				GCC_WARN_UNUSED_VARIABLE = YES;
				IPHONEOS_DEPLOYMENT_TARGET = 16.2;
				MTL_ENABLE_DEBUG_INFO = NO;
				MTL_FAST_MATH = YES;
				SDKROOT = iphoneos;
				SWIFT_COMPILATION_MODE = wholemodule;
				SWIFT_OPTIMIZATION_LEVEL = "-O";
				VALIDATE_PRODUCT = YES;
			};
			name = Release;
		};
		58A409A329E72B7700042744 /* Debug */ = {
			isa = XCBuildConfiguration;
			buildSettings = {
				ASSETCATALOG_COMPILER_APPICON_NAME = AppIcon;
				ASSETCATALOG_COMPILER_GLOBAL_ACCENT_COLOR_NAME = AccentColor;
				CODE_SIGN_STYLE = Automatic;
				CURRENT_PROJECT_VERSION = 1;
				DEVELOPMENT_TEAM = 2ZQ8H5BA6V;
				GENERATE_INFOPLIST_FILE = YES;
				INFOPLIST_FILE = Navigation/Info.plist;
				INFOPLIST_KEY_UIApplicationSupportsIndirectInputEvents = YES;
				INFOPLIST_KEY_UILaunchStoryboardName = LaunchScreen;
				INFOPLIST_KEY_UISupportedInterfaceOrientations_iPad = "UIInterfaceOrientationPortrait UIInterfaceOrientationPortraitUpsideDown UIInterfaceOrientationLandscapeLeft UIInterfaceOrientationLandscapeRight";
				INFOPLIST_KEY_UISupportedInterfaceOrientations_iPhone = "UIInterfaceOrientationPortrait UIInterfaceOrientationLandscapeLeft UIInterfaceOrientationLandscapeRight";
				LD_RUNPATH_SEARCH_PATHS = (
					"$(inherited)",
					"@executable_path/Frameworks",
				);
				MARKETING_VERSION = 1.0;
				PRODUCT_BUNDLE_IDENTIFIER = Netology.Navigation;
				PRODUCT_NAME = "$(TARGET_NAME)";
				SWIFT_EMIT_LOC_STRINGS = YES;
				SWIFT_VERSION = 5.0;
				TARGETED_DEVICE_FAMILY = "1,2";
			};
			name = Debug;
		};
		58A409A429E72B7700042744 /* Release */ = {
			isa = XCBuildConfiguration;
			buildSettings = {
				ASSETCATALOG_COMPILER_APPICON_NAME = AppIcon;
				ASSETCATALOG_COMPILER_GLOBAL_ACCENT_COLOR_NAME = AccentColor;
				CODE_SIGN_STYLE = Automatic;
				CURRENT_PROJECT_VERSION = 1;
				DEVELOPMENT_TEAM = 2ZQ8H5BA6V;
				GENERATE_INFOPLIST_FILE = YES;
				INFOPLIST_FILE = Navigation/Info.plist;
				INFOPLIST_KEY_UIApplicationSupportsIndirectInputEvents = YES;
				INFOPLIST_KEY_UILaunchStoryboardName = LaunchScreen;
				INFOPLIST_KEY_UISupportedInterfaceOrientations_iPad = "UIInterfaceOrientationPortrait UIInterfaceOrientationPortraitUpsideDown UIInterfaceOrientationLandscapeLeft UIInterfaceOrientationLandscapeRight";
				INFOPLIST_KEY_UISupportedInterfaceOrientations_iPhone = "UIInterfaceOrientationPortrait UIInterfaceOrientationLandscapeLeft UIInterfaceOrientationLandscapeRight";
				LD_RUNPATH_SEARCH_PATHS = (
					"$(inherited)",
					"@executable_path/Frameworks",
				);
				MARKETING_VERSION = 1.0;
				PRODUCT_BUNDLE_IDENTIFIER = Netology.Navigation;
				PRODUCT_NAME = "$(TARGET_NAME)";
				SWIFT_EMIT_LOC_STRINGS = YES;
				SWIFT_VERSION = 5.0;
				TARGETED_DEVICE_FAMILY = "1,2";
			};
			name = Release;
		};
/* End XCBuildConfiguration section */

/* Begin XCConfigurationList section */
		58A4098929E72B7600042744 /* Build configuration list for PBXProject "Navigation" */ = {
			isa = XCConfigurationList;
			buildConfigurations = (
				58A409A029E72B7700042744 /* Debug */,
				58A409A129E72B7700042744 /* Release */,
			);
			defaultConfigurationIsVisible = 0;
			defaultConfigurationName = Release;
		};
		58A409A229E72B7700042744 /* Build configuration list for PBXNativeTarget "Navigation" */ = {
			isa = XCConfigurationList;
			buildConfigurations = (
				58A409A329E72B7700042744 /* Debug */,
				58A409A429E72B7700042744 /* Release */,
			);
			defaultConfigurationIsVisible = 0;
			defaultConfigurationName = Release;
		};
/* End XCConfigurationList section */
	};
	rootObject = 58A4098629E72B7600042744 /* Project object */;
}
